
Microsoft Visual Studio Solution File, Format Version 12.00
# Visual Studio Version 16
VisualStudioVersion = 16.0.31729.503
MinimumVisualStudioVersion = 10.0.40219.1
Project("{9A19103F-16F7-4668-BE54-9A1E7A4F7556}") = "HiddenVilla_Server", "HiddenVilla_Server\HiddenVilla_Server.csproj", "{DABDF9E7-D828-4A9A-AAA4-BB21752B022B}"
EndProject
Global
	GlobalSection(SolutionConfigurationPlatforms) = preSolution
		Debug|Any CPU = Debug|Any CPU
		Release|Any CPU = Release|Any CPU
	EndGlobalSection
	GlobalSection(ProjectConfigurationPlatforms) = postSolution
		{DABDF9E7-D828-4A9A-AAA4-BB21752B022B}.Debug|Any CPU.ActiveCfg = Debug|Any CPU
		{DABDF9E7-D828-4A9A-AAA4-BB21752B022B}.Debug|Any CPU.Build.0 = Debug|Any CPU
		{DABDF9E7-D828-4A9A-AAA4-BB21752B022B}.Release|Any CPU.ActiveCfg = Release|Any CPU
		{DABDF9E7-D828-4A9A-AAA4-BB21752B022B}.Release|Any CPU.Build.0 = Release|Any CPU
	EndGlobalSection
	GlobalSection(SolutionProperties) = preSolution
		HideSolutionNode = FALSE
	EndGlobalSection
	GlobalSection(ExtensibilityGlobals) = postSolution
		SolutionGuid = {74C26A00-7345-4722-AA6F-C2D0D287E63C}
	EndGlobalSection
EndGlobal
